{
    "_readme": [
        "This file locks the dependencies of your project to a known state",
        "Read more about it at https://getcomposer.org/doc/01-basic-usage.md#installing-dependencies",
        "This file is @generated automatically"
    ],
    "content-hash": "133d8e17a838ccc294d7b8754f93d39b",
    "packages": [
        {
            "name": "afragen/add-plugin-dependency-api",
            "version": "0.4.7",
            "source": {
                "type": "git",
                "url": "https://github.com/afragen/add-plugin-dependency-api.git",
                "reference": "833d772e709ba4fe997aafcb775aeb35fb55b0d5"
            },
            "dist": {
                "type": "zip",
                "url": "https://api.github.com/repos/afragen/add-plugin-dependency-api/zipball/833d772e709ba4fe997aafcb775aeb35fb55b0d5",
                "reference": "833d772e709ba4fe997aafcb775aeb35fb55b0d5",
                "shasum": ""
            },
            "require": {
                "php": ">=5.6"
            },
            "type": "library",
            "autoload": {
                "files": [
                    "add-plugin-dependency-api.php"
                ]
            },
            "notification-url": "https://packagist.org/downloads/",
            "license": [
                "MIT"
            ],
            "authors": [
                {
                    "name": "Andy Fragen",
                    "email": "andy@thefragens.com",
                    "homepage": "https://thefragens.com",
                    "role": "Developer"
                }
            ],
            "description": "Library that helps WordPress plugin dependency management.",
            "support": {
                "issues": "https://github.com/afragen/add-plugin-dependency-api/issues",
                "source": "https://github.com/afragen/add-plugin-dependency-api"
            },
            "funding": [
                {
                    "url": "https://github.com/afragen",
                    "type": "github"
                }
            ],
            "time": "2023-03-03T17:16:18+00:00"
        }
    ],
    "packages-dev": [],
    "aliases": [],
    "minimum-stability": "stable",
    "stability-flags": [],
    "prefer-stable": true,
    "prefer-lowest": false,
    "platform": {
        "php": ">=5.6"
    },
    "platform-dev": [],
    "plugin-api-version": "2.3.0"
}
